
Microsoft Visual Studio Solution File, Format Version 12.00
# Visual Studio Version 17
VisualStudioVersion = 17.0.32126.317
MinimumVisualStudioVersion = 10.0.40219.1
Project("{9A19103F-16F7-4668-BE54-9A1E7A4F7556}") = "JiraIssueQuery.Api", "src\JiraIssueQuery.Api\JiraIssueQuery.Api.csproj", "{5856B548-89A7-481D-916B-0CA25943822E}"
EndProject
Global
	GlobalSection(SolutionConfigurationPlatforms) = preSolution
		Debug|Any CPU = Debug|Any CPU
		Release|Any CPU = Release|Any CPU
	EndGlobalSection
	GlobalSection(ProjectConfigurationPlatforms) = postSolution
		{5856B548-89A7-481D-916B-0CA25943822E}.Debug|Any CPU.ActiveCfg = Debug|Any CPU
		{5856B548-89A7-481D-916B-0CA25943822E}.Debug|Any CPU.Build.0 = Debug|Any CPU
		{5856B548-89A7-481D-916B-0CA25943822E}.Release|Any CPU.ActiveCfg = Release|Any CPU
		{5856B548-89A7-481D-916B-0CA25943822E}.Release|Any CPU.Build.0 = Release|Any CPU
	EndGlobalSection
	GlobalSection(SolutionProperties) = preSolution
		HideSolutionNode = FALSE
	EndGlobalSection
	GlobalSection(ExtensibilityGlobals) = postSolution
		SolutionGuid = {64EB955D-F85C-4CC2-980F-0F090742AF77}
	EndGlobalSection
EndGlobal
